
Microsoft Visual Studio Solution File, Format Version 12.00
# Visual Studio Version 17
VisualStudioVersion = 17.0.32014.148
MinimumVisualStudioVersion = 10.0.40219.1
Project("{FAE04EC0-301F-11D3-BF4B-00C04F79EFBC}") = "Lesson2", "Lesson2\Lesson2.csproj", "{8692D85A-5A23-4C6A-9317-039FCE82036D}"
EndProject
Global
	GlobalSection(SolutionConfigurationPlatforms) = preSolution
		Debug|Any CPU = Debug|Any CPU
		Release|Any CPU = Release|Any CPU
	EndGlobalSection
	GlobalSection(ProjectConfigurationPlatforms) = postSolution
		{8692D85A-5A23-4C6A-9317-039FCE82036D}.Debug|Any CPU.ActiveCfg = Debug|Any CPU
		{8692D85A-5A23-4C6A-9317-039FCE82036D}.Debug|Any CPU.Build.0 = Debug|Any CPU
		{8692D85A-5A23-4C6A-9317-039FCE82036D}.Release|Any CPU.ActiveCfg = Release|Any CPU
		{8692D85A-5A23-4C6A-9317-039FCE82036D}.Release|Any CPU.Build.0 = Release|Any CPU
	EndGlobalSection
	GlobalSection(SolutionProperties) = preSolution
		HideSolutionNode = FALSE
	EndGlobalSection
	GlobalSection(ExtensibilityGlobals) = postSolution
		SolutionGuid = {4D23E5A9-7B39-4685-8617-6112B2E7D8A7}
	EndGlobalSection
EndGlobal
